
Microsoft Visual Studio Solution File, Format Version 12.00
# Visual Studio Version 17
VisualStudioVersion = 17.11.35327.3
MinimumVisualStudioVersion = 10.0.40219.1
Project("{9A19103F-16F7-4668-BE54-9A1E7A4F7556}") = "ConsoleApp1", "ConsoleApp1\ConsoleApp1.csproj", "{2F85AAE2-97D5-458C-A92B-D816C4E8C13C}"
EndProject
Global
	GlobalSection(SolutionConfigurationPlatforms) = preSolution
		Debug|Any CPU = Debug|Any CPU
		Release|Any CPU = Release|Any CPU
	EndGlobalSection
	GlobalSection(ProjectConfigurationPlatforms) = postSolution
		{2F85AAE2-97D5-458C-A92B-D816C4E8C13C}.Debug|Any CPU.ActiveCfg = Debug|Any CPU
		{2F85AAE2-97D5-458C-A92B-D816C4E8C13C}.Debug|Any CPU.Build.0 = Debug|Any CPU
		{2F85AAE2-97D5-458C-A92B-D816C4E8C13C}.Release|Any CPU.ActiveCfg = Release|Any CPU
		{2F85AAE2-97D5-458C-A92B-D816C4E8C13C}.Release|Any CPU.Build.0 = Release|Any CPU
	EndGlobalSection
	GlobalSection(SolutionProperties) = preSolution
		HideSolutionNode = FALSE
	EndGlobalSection
	GlobalSection(ExtensibilityGlobals) = postSolution
		SolutionGuid = {7B38A0B2-8BF2-4468-A0CC-21D8B4D2E5FE}
	EndGlobalSection
EndGlobal
